
Microsoft Visual Studio Solution File, Format Version 12.00
# Visual Studio 15
Project("{FAE04EC0-301F-11D3-BF4B-00C04F79EFBC}") = "Unity.Timeline", "Unity.Timeline.csproj", "{6BBE3F06-8E9E-D076-ED9F-1E9806306568}"
EndProject
Project("{FAE04EC0-301F-11D3-BF4B-00C04F79EFBC}") = "Unity.Timeline.Editor", "Unity.Timeline.Editor.csproj", "{5B453D63-4E56-137E-AA4E-B89DDEE5C386}"
EndProject
Project("{FAE04EC0-301F-11D3-BF4B-00C04F79EFBC}") = "Unity.PlasticSCM.Editor", "Unity.PlasticSCM.Editor.csproj", "{E4366046-9077-F5B0-DEAE-D2AB792C3A8E}"
EndProject
Project("{FAE04EC0-301F-11D3-BF4B-00C04F79EFBC}") = "Unity.ShaderGraph.Editor", "Unity.ShaderGraph.Editor.csproj", "{392F589A-EDD0-C320-BD23-9656D70C5E10}"
EndProject
Project("{FAE04EC0-301F-11D3-BF4B-00C04F79EFBC}") = "Unity.RenderPipelines.Universal.Editor", "Unity.RenderPipelines.Universal.Editor.csproj", "{A75F5295-90F6-E51F-CFEB-2F30A3EBC5DA}"
EndProject
Project("{FAE04EC0-301F-11D3-BF4B-00C04F79EFBC}") = "Unity.TextMeshPro.Editor", "Unity.TextMeshPro.Editor.csproj", "{DFC6893A-6EDF-22D1-67A3-340F03FAF4BF}"
EndProject
Project("{FAE04EC0-301F-11D3-BF4B-00C04F79EFBC}") = "Unity.InputSystem", "Unity.InputSystem.csproj", "{EB51E880-0BEA-1AAF-0DDA-05A200D57900}"
EndProject
Project("{FAE04EC0-301F-11D3-BF4B-00C04F79EFBC}") = "Unity.VisualScripting.Flow", "Unity.VisualScripting.Flow.csproj", "{465BD9A1-9C41-689A-CB08-F051F01CF198}"
EndProject
Project("{FAE04EC0-301F-11D3-BF4B-00C04F79EFBC}") = "Unity.RenderPipelines.Universal.Runtime", "Unity.RenderPipelines.Universal.Runtime.csproj", "{C20B6598-C7B6-3667-C466-FC62346A12C2}"
EndProject
Project("{FAE04EC0-301F-11D3-BF4B-00C04F79EFBC}") = "UnityEditor.UI", "UnityEditor.UI.csproj", "{F515E151-AC8F-8F68-1D3B-1F61AB974DAA}"
EndProject
Project("{FAE04EC0-301F-11D3-BF4B-00C04F79EFBC}") = "Unity.RenderPipelines.Core.Runtime", "Unity.RenderPipelines.Core.Runtime.csproj", "{DBE259FD-492E-9FD4-E39F-68E008E9BB64}"
EndProject
Project("{FAE04EC0-301F-11D3-BF4B-00C04F79EFBC}") = "Unity.VisualScripting.Core", "Unity.VisualScripting.Core.csproj", "{9827E8F5-A7BF-0C4D-4824-F3BA4841A8FC}"
EndProject
Project("{FAE04EC0-301F-11D3-BF4B-00C04F79EFBC}") = "Unity.RenderPipelines.Core.Editor", "Unity.RenderPipelines.Core.Editor.csproj", "{3D52ADBE-0D70-AE4E-1F36-E844954EA2DA}"
EndProject
Project("{FAE04EC0-301F-11D3-BF4B-00C04F79EFBC}") = "Unity.Mathematics", "Unity.Mathematics.csproj", "{2E22F301-40B0-2473-4C57-02BC6EBCFADD}"
EndProject
Project("{FAE04EC0-301F-11D3-BF4B-00C04F79EFBC}") = "Unity.VisualScripting.Core.Editor", "Unity.VisualScripting.Core.Editor.csproj", "{8E59D99F-8B1B-4170-96D0-970C2E869090}"
EndProject
Project("{FAE04EC0-301F-11D3-BF4B-00C04F79EFBC}") = "Unity.VisualScripting.Flow.Editor", "Unity.VisualScripting.Flow.Editor.csproj", "{E9EA3C89-C0B1-170B-6FC7-DEA50617D90D}"
EndProject
Project("{FAE04EC0-301F-11D3-BF4B-00C04F79EFBC}") = "UnityEditor.TestRunner", "UnityEditor.TestRunner.csproj", "{E3828A7D-EDF6-ACA1-1E5C-4ABC281EE99C}"
EndProject
Project("{FAE04EC0-301F-11D3-BF4B-00C04F79EFBC}") = "Unity.VisualScripting.SettingsProvider.Editor", "Unity.VisualScripting.SettingsProvider.Editor.csproj", "{3B8447D2-D729-9D4E-72D1-5ED328B4D26D}"
EndProject
Project("{FAE04EC0-301F-11D3-BF4B-00C04F79EFBC}") = "UnityEngine.TestRunner", "UnityEngine.TestRunner.csproj", "{06F4C1BD-012F-44D3-7BAF-46F726D242EA}"
EndProject
Project("{FAE04EC0-301F-11D3-BF4B-00C04F79EFBC}") = "Unity.Searcher.Editor", "Unity.Searcher.Editor.csproj", "{4A0C5BD5-EFCB-A017-416F-0A7DEBD9EC67}"
EndProject
Project("{FAE04EC0-301F-11D3-BF4B-00C04F79EFBC}") = "Unity.Burst", "Unity.Burst.csproj", "{73961AA0-F823-FEF9-01A1-52301A370D1D}"
EndProject
Project("{FAE04EC0-301F-11D3-BF4B-00C04F79EFBC}") = "UnityEngine.UI", "UnityEngine.UI.csproj", "{DC66F82D-D7B4-91C8-9164-E49392015DBC}"
EndProject
Project("{FAE04EC0-301F-11D3-BF4B-00C04F79EFBC}") = "Unity.VisualStudio.Editor", "Unity.VisualStudio.Editor.csproj", "{8E051ED1-F4A6-8AFE-51A2-B2121888D9C5}"
EndProject
Project("{FAE04EC0-301F-11D3-BF4B-00C04F79EFBC}") = "PPv2URPConverters", "PPv2URPConverters.csproj", "{7F9F81C0-1586-4698-AA7F-562A9ACD800F}"
EndProject
Project("{FAE04EC0-301F-11D3-BF4B-00C04F79EFBC}") = "Unity.Rider.Editor", "Unity.Rider.Editor.csproj", "{655C7759-5307-A800-26DA-64421FBD2FA9}"
EndProject
Project("{FAE04EC0-301F-11D3-BF4B-00C04F79EFBC}") = "Unity.VisualScripting.State.Editor", "Unity.VisualScripting.State.Editor.csproj", "{CBCC4971-7349-BA1F-9732-410C1310C996}"
EndProject
Project("{FAE04EC0-301F-11D3-BF4B-00C04F79EFBC}") = "Unity.Burst.CodeGen", "Unity.Burst.CodeGen.csproj", "{EAD13FB2-BECB-E84A-4E75-1E8FE6F96B1B}"
EndProject
Project("{FAE04EC0-301F-11D3-BF4B-00C04F79EFBC}") = "Unity.CollabProxy.Editor", "Unity.CollabProxy.Editor.csproj", "{56FFDE87-4877-E486-77E1-FBDBFDDC4DB3}"
EndProject
Project("{FAE04EC0-301F-11D3-BF4B-00C04F79EFBC}") = "Unity.RenderPipeline.Universal.ShaderLibrary", "Unity.RenderPipeline.Universal.ShaderLibrary.csproj", "{22EA56AC-378E-634E-B25F-67E8F282D82B}"
EndProject
Project("{FAE04EC0-301F-11D3-BF4B-00C04F79EFBC}") = "Unity.VisualScripting.State", "Unity.VisualScripting.State.csproj", "{0AEAA3CC-6714-A8D0-CDA8-AB37F37FA9DE}"
EndProject
Project("{FAE04EC0-301F-11D3-BF4B-00C04F79EFBC}") = "Unity.TextMeshPro", "Unity.TextMeshPro.csproj", "{A2BC1FBB-F44F-F6D6-057D-66AA9CDD84AC}"
EndProject
Project("{FAE04EC0-301F-11D3-BF4B-00C04F79EFBC}") = "Unity.InputSystem.TestFramework", "Unity.InputSystem.TestFramework.csproj", "{8304221D-C52A-EE53-70D8-0166331AA155}"
EndProject
Project("{FAE04EC0-301F-11D3-BF4B-00C04F79EFBC}") = "Unity.VSCode.Editor", "Unity.VSCode.Editor.csproj", "{597C83F8-B2E8-5DD9-D8B1-A55041C4D006}"
EndProject
Project("{FAE04EC0-301F-11D3-BF4B-00C04F79EFBC}") = "Unity.Toolchain.Linux-x86_64", "Unity.Toolchain.Linux-x86_64.csproj", "{411A5464-50BB-C6F7-B5C8-A5DFF96EFC5E}"
EndProject
Project("{FAE04EC0-301F-11D3-BF4B-00C04F79EFBC}") = "Unity.Burst.Editor", "Unity.Burst.Editor.csproj", "{F8B40B9C-A5B9-E626-9EE1-F857D4815653}"
EndProject
Project("{FAE04EC0-301F-11D3-BF4B-00C04F79EFBC}") = "Unity.Sysroot.Linux_x86_64", "Unity.Sysroot.Linux_x86_64.csproj", "{85F8B1A9-A3C3-5B40-A2D1-397273E6FC7F}"
EndProject
Project("{FAE04EC0-301F-11D3-BF4B-00C04F79EFBC}") = "Unity.RenderPipelines.Universal.2D.Internal", "Unity.RenderPipelines.Universal.2D.Internal.csproj", "{63CFC8EA-7345-3A75-5FC1-D107CE90E2B4}"
EndProject
Project("{FAE04EC0-301F-11D3-BF4B-00C04F79EFBC}") = "Assembly-CSharp", "Assembly-CSharp.csproj", "{E9140AA3-61B2-2E15-D969-CCF0A2A226C1}"
EndProject
Project("{FAE04EC0-301F-11D3-BF4B-00C04F79EFBC}") = "Unity.InputSystem.DocCodeSamples", "Unity.InputSystem.DocCodeSamples.csproj", "{8316BEFF-E216-B750-F9E0-9CC816A6AB8D}"
EndProject
Project("{FAE04EC0-301F-11D3-BF4B-00C04F79EFBC}") = "Unity.ShaderGraph.Utilities", "Unity.ShaderGraph.Utilities.csproj", "{81EA4A4E-674E-50CE-229B-FE2181B0FAFF}"
EndProject
Project("{FAE04EC0-301F-11D3-BF4B-00C04F79EFBC}") = "Unity.InputSystem.ForUI", "Unity.InputSystem.ForUI.csproj", "{BBA5BD64-6A16-4E43-492C-C9F58E2B2146}"
EndProject
Project("{FAE04EC0-301F-11D3-BF4B-00C04F79EFBC}") = "Unity.Mathematics.Editor", "Unity.Mathematics.Editor.csproj", "{82C1AEA5-3A0C-47BB-3C6E-F4F28EC2F1C1}"
EndProject
Project("{FAE04EC0-301F-11D3-BF4B-00C04F79EFBC}") = "Assembly-CSharp-Editor", "Assembly-CSharp-Editor.csproj", "{D8FCFFB1-0D79-8A1D-3125-DB0F7F8B89CA}"
EndProject
Project("{FAE04EC0-301F-11D3-BF4B-00C04F79EFBC}") = "Unity.SysrootPackage.Editor", "Unity.SysrootPackage.Editor.csproj", "{4CF0A364-783D-3E8E-5F84-99C18ADD098D}"
EndProject
Project("{FAE04EC0-301F-11D3-BF4B-00C04F79EFBC}") = "Unity.VisualScripting.Shared.Editor", "Unity.VisualScripting.Shared.Editor.csproj", "{5066812B-4F4E-19FD-756B-D311DAD3267E}"
EndProject
Project("{FAE04EC0-301F-11D3-BF4B-00C04F79EFBC}") = "Unity.RenderPipelines.Universal.Config.Runtime", "Unity.RenderPipelines.Universal.Config.Runtime.csproj", "{F76CC9C9-E79F-226E-4E02-00D5DADBB0CE}"
EndProject
Project("{FAE04EC0-301F-11D3-BF4B-00C04F79EFBC}") = "Unity.PlasticSCM.Editor.Entities", "Unity.PlasticSCM.Editor.Entities.csproj", "{91E59AD7-60B7-9F4B-7834-3D8FE7370C8D}"
EndProject
Project("{FAE04EC0-301F-11D3-BF4B-00C04F79EFBC}") = "Unity.RenderPipelines.ShaderGraph.ShaderGraphLibrary", "Unity.RenderPipelines.ShaderGraph.ShaderGraphLibrary.csproj", "{54996D2F-CBE2-8848-D29C-1FF6BD47F5A9}"
EndProject
Project("{FAE04EC0-301F-11D3-BF4B-00C04F79EFBC}") = "Unity.RenderPipelines.Core.ShaderLibrary", "Unity.RenderPipelines.Core.ShaderLibrary.csproj", "{25216E0D-0264-1CE6-FB67-7026919A4909}"
EndProject
Project("{FAE04EC0-301F-11D3-BF4B-00C04F79EFBC}") = "Unity.RenderPipelines.Universal.Shaders", "Unity.RenderPipelines.Universal.Shaders.csproj", "{8958088E-7B7A-1BD7-F803-39F90FDAC158}"
EndProject
Global
	GlobalSection(SolutionConfigurationPlatforms) = preSolution
		Debug|Any CPU = Debug|Any CPU
		Release|Any CPU = Release|Any CPU
	EndGlobalSection
	GlobalSection(ProjectConfigurationPlatforms) = postSolution
		{6BBE3F06-8E9E-D076-ED9F-1E9806306568}.Debug|Any CPU.ActiveCfg = Debug|Any CPU
		{6BBE3F06-8E9E-D076-ED9F-1E9806306568}.Debug|Any CPU.Build.0 = Debug|Any CPU
		{6BBE3F06-8E9E-D076-ED9F-1E9806306568}.Release|Any CPU.ActiveCfg = Release|Any CPU
		{6BBE3F06-8E9E-D076-ED9F-1E9806306568}.Release|Any CPU.Build.0 = Release|Any CPU
		{5B453D63-4E56-137E-AA4E-B89DDEE5C386}.Debug|Any CPU.ActiveCfg = Debug|Any CPU
		{5B453D63-4E56-137E-AA4E-B89DDEE5C386}.Debug|Any CPU.Build.0 = Debug|Any CPU
		{5B453D63-4E56-137E-AA4E-B89DDEE5C386}.Release|Any CPU.ActiveCfg = Release|Any CPU
		{5B453D63-4E56-137E-AA4E-B89DDEE5C386}.Release|Any CPU.Build.0 = Release|Any CPU
		{E4366046-9077-F5B0-DEAE-D2AB792C3A8E}.Debug|Any CPU.ActiveCfg = Debug|Any CPU
		{E4366046-9077-F5B0-DEAE-D2AB792C3A8E}.Debug|Any CPU.Build.0 = Debug|Any CPU
		{E4366046-9077-F5B0-DEAE-D2AB792C3A8E}.Release|Any CPU.ActiveCfg = Release|Any CPU
		{E4366046-9077-F5B0-DEAE-D2AB792C3A8E}.Release|Any CPU.Build.0 = Release|Any CPU
		{392F589A-EDD0-C320-BD23-9656D70C5E10}.Debug|Any CPU.ActiveCfg = Debug|Any CPU
		{392F589A-EDD0-C320-BD23-9656D70C5E10}.Debug|Any CPU.Build.0 = Debug|Any CPU
		{392F589A-EDD0-C320-BD23-9656D70C5E10}.Release|Any CPU.ActiveCfg = Release|Any CPU
		{392F589A-EDD0-C320-BD23-9656D70C5E10}.Release|Any CPU.Build.0 = Release|Any CPU
		{A75F5295-90F6-E51F-CFEB-2F30A3EBC5DA}.Debug|Any CPU.ActiveCfg = Debug|Any CPU
		{A75F5295-90F6-E51F-CFEB-2F30A3EBC5DA}.Debug|Any CPU.Build.0 = Debug|Any CPU
		{A75F5295-90F6-E51F-CFEB-2F30A3EBC5DA}.Release|Any CPU.ActiveCfg = Release|Any CPU
		{A75F5295-90F6-E51F-CFEB-2F30A3EBC5DA}.Release|Any CPU.Build.0 = Release|Any CPU
		{DFC6893A-6EDF-22D1-67A3-340F03FAF4BF}.Debug|Any CPU.ActiveCfg = Debug|Any CPU
		{DFC6893A-6EDF-22D1-67A3-340F03FAF4BF}.Debug|Any CPU.Build.0 = Debug|Any CPU
		{DFC6893A-6EDF-22D1-67A3-340F03FAF4BF}.Release|Any CPU.ActiveCfg = Release|Any CPU
		{DFC6893A-6EDF-22D1-67A3-340F03FAF4BF}.Release|Any CPU.Build.0 = Release|Any CPU
		{EB51E880-0BEA-1AAF-0DDA-05A200D57900}.Debug|Any CPU.ActiveCfg = Debug|Any CPU
		{EB51E880-0BEA-1AAF-0DDA-05A200D57900}.Debug|Any CPU.Build.0 = Debug|Any CPU
		{EB51E880-0BEA-1AAF-0DDA-05A200D57900}.Release|Any CPU.ActiveCfg = Release|Any CPU
		{EB51E880-0BEA-1AAF-0DDA-05A200D57900}.Release|Any CPU.Build.0 = Release|Any CPU
		{465BD9A1-9C41-689A-CB08-F051F01CF198}.Debug|Any CPU.ActiveCfg = Debug|Any CPU
		{465BD9A1-9C41-689A-CB08-F051F01CF198}.Debug|Any CPU.Build.0 = Debug|Any CPU
		{465BD9A1-9C41-689A-CB08-F051F01CF198}.Release|Any CPU.ActiveCfg = Release|Any CPU
		{465BD9A1-9C41-689A-CB08-F051F01CF198}.Release|Any CPU.Build.0 = Release|Any CPU
		{C20B6598-C7B6-3667-C466-FC62346A12C2}.Debug|Any CPU.ActiveCfg = Debug|Any CPU
		{C20B6598-C7B6-3667-C466-FC62346A12C2}.Debug|Any CPU.Build.0 = Debug|Any CPU
		{C20B6598-C7B6-3667-C466-FC62346A12C2}.Release|Any CPU.ActiveCfg = Release|Any CPU
		{C20B6598-C7B6-3667-C466-FC62346A12C2}.Release|Any CPU.Build.0 = Release|Any CPU
		{F515E151-AC8F-8F68-1D3B-1F61AB974DAA}.Debug|Any CPU.ActiveCfg = Debug|Any CPU
		{F515E151-AC8F-8F68-1D3B-1F61AB974DAA}.Debug|Any CPU.Build.0 = Debug|Any CPU
		{F515E151-AC8F-8F68-1D3B-1F61AB974DAA}.Release|Any CPU.ActiveCfg = Release|Any CPU
		{F515E151-AC8F-8F68-1D3B-1F61AB974DAA}.Release|Any CPU.Build.0 = Release|Any CPU
		{DBE259FD-492E-9FD4-E39F-68E008E9BB64}.Debug|Any CPU.ActiveCfg = Debug|Any CPU
		{DBE259FD-492E-9FD4-E39F-68E008E9BB64}.Debug|Any CPU.Build.0 = Debug|Any CPU
		{DBE259FD-492E-9FD4-E39F-68E008E9BB64}.Release|Any CPU.ActiveCfg = Release|Any CPU
		{DBE259FD-492E-9FD4-E39F-68E008E9BB64}.Release|Any CPU.Build.0 = Release|Any CPU
		{9827E8F5-A7BF-0C4D-4824-F3BA4841A8FC}.Debug|Any CPU.ActiveCfg = Debug|Any CPU
		{9827E8F5-A7BF-0C4D-4824-F3BA4841A8FC}.Debug|Any CPU.Build.0 = Debug|Any CPU
		{9827E8F5-A7BF-0C4D-4824-F3BA4841A8FC}.Release|Any CPU.ActiveCfg = Release|Any CPU
		{9827E8F5-A7BF-0C4D-4824-F3BA4841A8FC}.Release|Any CPU.Build.0 = Release|Any CPU
		{3D52ADBE-0D70-AE4E-1F36-E844954EA2DA}.Debug|Any CPU.ActiveCfg = Debug|Any CPU
		{3D52ADBE-0D70-AE4E-1F36-E844954EA2DA}.Debug|Any CPU.Build.0 = Debug|Any CPU
		{3D52ADBE-0D70-AE4E-1F36-E844954EA2DA}.Release|Any CPU.ActiveCfg = Release|Any CPU
		{3D52ADBE-0D70-AE4E-1F36-E844954EA2DA}.Release|Any CPU.Build.0 = Release|Any CPU
		{2E22F301-40B0-2473-4C57-02BC6EBCFADD}.Debug|Any CPU.ActiveCfg = Debug|Any CPU
		{2E22F301-40B0-2473-4C57-02BC6EBCFADD}.Debug|Any CPU.Build.0 = Debug|Any CPU
		{2E22F301-40B0-2473-4C57-02BC6EBCFADD}.Release|Any CPU.ActiveCfg = Release|Any CPU
		{2E22F301-40B0-2473-4C57-02BC6EBCFADD}.Release|Any CPU.Build.0 = Release|Any CPU
		{8E59D99F-8B1B-4170-96D0-970C2E869090}.Debug|Any CPU.ActiveCfg = Debug|Any CPU
		{8E59D99F-8B1B-4170-96D0-970C2E869090}.Debug|Any CPU.Build.0 = Debug|Any CPU
		{8E59D99F-8B1B-4170-96D0-970C2E869090}.Release|Any CPU.ActiveCfg = Release|Any CPU
		{8E59D99F-8B1B-4170-96D0-970C2E869090}.Release|Any CPU.Build.0 = Release|Any CPU
		{E9EA3C89-C0B1-170B-6FC7-DEA50617D90D}.Debug|Any CPU.ActiveCfg = Debug|Any CPU
		{E9EA3C89-C0B1-170B-6FC7-DEA50617D90D}.Debug|Any CPU.Build.0 = Debug|Any CPU
		{E9EA3C89-C0B1-170B-6FC7-DEA50617D90D}.Release|Any CPU.ActiveCfg = Release|Any CPU
		{E9EA3C89-C0B1-170B-6FC7-DEA50617D90D}.Release|Any CPU.Build.0 = Release|Any CPU
		{E3828A7D-EDF6-ACA1-1E5C-4ABC281EE99C}.Debug|Any CPU.ActiveCfg = Debug|Any CPU
		{E3828A7D-EDF6-ACA1-1E5C-4ABC281EE99C}.Debug|Any CPU.Build.0 = Debug|Any CPU
		{E3828A7D-EDF6-ACA1-1E5C-4ABC281EE99C}.Release|Any CPU.ActiveCfg = Release|Any CPU
		{E3828A7D-EDF6-ACA1-1E5C-4ABC281EE99C}.Release|Any CPU.Build.0 = Release|Any CPU
		{3B8447D2-D729-9D4E-72D1-5ED328B4D26D}.Debug|Any CPU.ActiveCfg = Debug|Any CPU
		{3B8447D2-D729-9D4E-72D1-5ED328B4D26D}.Debug|Any CPU.Build.0 = Debug|Any CPU
		{3B8447D2-D729-9D4E-72D1-5ED328B4D26D}.Release|Any CPU.ActiveCfg = Release|Any CPU
		{3B8447D2-D729-9D4E-72D1-5ED328B4D26D}.Release|Any CPU.Build.0 = Release|Any CPU
		{06F4C1BD-012F-44D3-7BAF-46F726D242EA}.Debug|Any CPU.ActiveCfg = Debug|Any CPU
		{06F4C1BD-012F-44D3-7BAF-46F726D242EA}.Debug|Any CPU.Build.0 = Debug|Any CPU
		{06F4C1BD-012F-44D3-7BAF-46F726D242EA}.Release|Any CPU.ActiveCfg = Release|Any CPU
		{06F4C1BD-012F-44D3-7BAF-46F726D242EA}.Release|Any CPU.Build.0 = Release|Any CPU
		{4A0C5BD5-EFCB-A017-416F-0A7DEBD9EC67}.Debug|Any CPU.ActiveCfg = Debug|Any CPU
		{4A0C5BD5-EFCB-A017-416F-0A7DEBD9EC67}.Debug|Any CPU.Build.0 = Debug|Any CPU
		{4A0C5BD5-EFCB-A017-416F-0A7DEBD9EC67}.Release|Any CPU.ActiveCfg = Release|Any CPU
		{4A0C5BD5-EFCB-A017-416F-0A7DEBD9EC67}.Release|Any CPU.Build.0 = Release|Any CPU
		{73961AA0-F823-FEF9-01A1-52301A370D1D}.Debug|Any CPU.ActiveCfg = Debug|Any CPU
		{73961AA0-F823-FEF9-01A1-52301A370D1D}.Debug|Any CPU.Build.0 = Debug|Any CPU
		{73961AA0-F823-FEF9-01A1-52301A370D1D}.Release|Any CPU.ActiveCfg = Release|Any CPU
		{73961AA0-F823-FEF9-01A1-52301A370D1D}.Release|Any CPU.Build.0 = Release|Any CPU
		{DC66F82D-D7B4-91C8-9164-E49392015DBC}.Debug|Any CPU.ActiveCfg = Debug|Any CPU
		{DC66F82D-D7B4-91C8-9164-E49392015DBC}.Debug|Any CPU.Build.0 = Debug|Any CPU
		{DC66F82D-D7B4-91C8-9164-E49392015DBC}.Release|Any CPU.ActiveCfg = Release|Any CPU
		{DC66F82D-D7B4-91C8-9164-E49392015DBC}.Release|Any CPU.Build.0 = Release|Any CPU
		{8E051ED1-F4A6-8AFE-51A2-B2121888D9C5}.Debug|Any CPU.ActiveCfg = Debug|Any CPU
		{8E051ED1-F4A6-8AFE-51A2-B2121888D9C5}.Debug|Any CPU.Build.0 = Debug|Any CPU
		{8E051ED1-F4A6-8AFE-51A2-B2121888D9C5}.Release|Any CPU.ActiveCfg = Release|Any CPU
		{8E051ED1-F4A6-8AFE-51A2-B2121888D9C5}.Release|Any CPU.Build.0 = Release|Any CPU
		{7F9F81C0-1586-4698-AA7F-562A9ACD800F}.Debug|Any CPU.ActiveCfg = Debug|Any CPU
		{7F9F81C0-1586-4698-AA7F-562A9ACD800F}.Debug|Any CPU.Build.0 = Debug|Any CPU
		{7F9F81C0-1586-4698-AA7F-562A9ACD800F}.Release|Any CPU.ActiveCfg = Release|Any CPU
		{7F9F81C0-1586-4698-AA7F-562A9ACD800F}.Release|Any CPU.Build.0 = Release|Any CPU
		{655C7759-5307-A800-26DA-64421FBD2FA9}.Debug|Any CPU.ActiveCfg = Debug|Any CPU
		{655C7759-5307-A800-26DA-64421FBD2FA9}.Debug|Any CPU.Build.0 = Debug|Any CPU
		{655C7759-5307-A800-26DA-64421FBD2FA9}.Release|Any CPU.ActiveCfg = Release|Any CPU
		{655C7759-5307-A800-26DA-64421FBD2FA9}.Release|Any CPU.Build.0 = Release|Any CPU
		{CBCC4971-7349-BA1F-9732-410C1310C996}.Debug|Any CPU.ActiveCfg = Debug|Any CPU
		{CBCC4971-7349-BA1F-9732-410C1310C996}.Debug|Any CPU.Build.0 = Debug|Any CPU
		{CBCC4971-7349-BA1F-9732-410C1310C996}.Release|Any CPU.ActiveCfg = Release|Any CPU
		{CBCC4971-7349-BA1F-9732-410C1310C996}.Release|Any CPU.Build.0 = Release|Any CPU
		{EAD13FB2-BECB-E84A-4E75-1E8FE6F96B1B}.Debug|Any CPU.ActiveCfg = Debug|Any CPU
		{EAD13FB2-BECB-E84A-4E75-1E8FE6F96B1B}.Debug|Any CPU.Build.0 = Debug|Any CPU
		{EAD13FB2-BECB-E84A-4E75-1E8FE6F96B1B}.Release|Any CPU.ActiveCfg = Release|Any CPU
		{EAD13FB2-BECB-E84A-4E75-1E8FE6F96B1B}.Release|Any CPU.Build.0 = Release|Any CPU
		{56FFDE87-4877-E486-77E1-FBDBFDDC4DB3}.Debug|Any CPU.ActiveCfg = Debug|Any CPU
		{56FFDE87-4877-E486-77E1-FBDBFDDC4DB3}.Debug|Any CPU.Build.0 = Debug|Any CPU
		{56FFDE87-4877-E486-77E1-FBDBFDDC4DB3}.Release|Any CPU.ActiveCfg = Release|Any CPU
		{56FFDE87-4877-E486-77E1-FBDBFDDC4DB3}.Release|Any CPU.Build.0 = Release|Any CPU
		{22EA56AC-378E-634E-B25F-67E8F282D82B}.Debug|Any CPU.ActiveCfg = Debug|Any CPU
		{22EA56AC-378E-634E-B25F-67E8F282D82B}.Debug|Any CPU.Build.0 = Debug|Any CPU
		{22EA56AC-378E-634E-B25F-67E8F282D82B}.Release|Any CPU.ActiveCfg = Release|Any CPU
		{22EA56AC-378E-634E-B25F-67E8F282D82B}.Release|Any CPU.Build.0 = Release|Any CPU
		{0AEAA3CC-6714-A8D0-CDA8-AB37F37FA9DE}.Debug|Any CPU.ActiveCfg = Debug|Any CPU
		{0AEAA3CC-6714-A8D0-CDA8-AB37F37FA9DE}.Debug|Any CPU.Build.0 = Debug|Any CPU
		{0AEAA3CC-6714-A8D0-CDA8-AB37F37FA9DE}.Release|Any CPU.ActiveCfg = Release|Any CPU
		{0AEAA3CC-6714-A8D0-CDA8-AB37F37FA9DE}.Release|Any CPU.Build.0 = Release|Any CPU
		{A2BC1FBB-F44F-F6D6-057D-66AA9CDD84AC}.Debug|Any CPU.ActiveCfg = Debug|Any CPU
		{A2BC1FBB-F44F-F6D6-057D-66AA9CDD84AC}.Debug|Any CPU.Build.0 = Debug|Any CPU
		{A2BC1FBB-F44F-F6D6-057D-66AA9CDD84AC}.Release|Any CPU.ActiveCfg = Release|Any CPU
		{A2BC1FBB-F44F-F6D6-057D-66AA9CDD84AC}.Release|Any CPU.Build.0 = Release|Any CPU
		{8304221D-C52A-EE53-70D8-0166331AA155}.Debug|Any CPU.ActiveCfg = Debug|Any CPU
		{8304221D-C52A-EE53-70D8-0166331AA155}.Debug|Any CPU.Build.0 = Debug|Any CPU
		{8304221D-C52A-EE53-70D8-0166331AA155}.Release|Any CPU.ActiveCfg = Release|Any CPU
		{8304221D-C52A-EE53-70D8-0166331AA155}.Release|Any CPU.Build.0 = Release|Any CPU
		{597C83F8-B2E8-5DD9-D8B1-A55041C4D006}.Debug|Any CPU.ActiveCfg = Debug|Any CPU
		{597C83F8-B2E8-5DD9-D8B1-A55041C4D006}.Debug|Any CPU.Build.0 = Debug|Any CPU
		{597C83F8-B2E8-5DD9-D8B1-A55041C4D006}.Release|Any CPU.ActiveCfg = Release|Any CPU
		{597C83F8-B2E8-5DD9-D8B1-A55041C4D006}.Release|Any CPU.Build.0 = Release|Any CPU
		{411A5464-50BB-C6F7-B5C8-A5DFF96EFC5E}.Debug|Any CPU.ActiveCfg = Debug|Any CPU
		{411A5464-50BB-C6F7-B5C8-A5DFF96EFC5E}.Debug|Any CPU.Build.0 = Debug|Any CPU
		{411A5464-50BB-C6F7-B5C8-A5DFF96EFC5E}.Release|Any CPU.ActiveCfg = Release|Any CPU
		{411A5464-50BB-C6F7-B5C8-A5DFF96EFC5E}.Release|Any CPU.Build.0 = Release|Any CPU
		{F8B40B9C-A5B9-E626-9EE1-F857D4815653}.Debug|Any CPU.ActiveCfg = Debug|Any CPU
		{F8B40B9C-A5B9-E626-9EE1-F857D4815653}.Debug|Any CPU.Build.0 = Debug|Any CPU
		{F8B40B9C-A5B9-E626-9EE1-F857D4815653}.Release|Any CPU.ActiveCfg = Release|Any CPU
		{F8B40B9C-A5B9-E626-9EE1-F857D4815653}.Release|Any CPU.Build.0 = Release|Any CPU
		{85F8B1A9-A3C3-5B40-A2D1-397273E6FC7F}.Debug|Any CPU.ActiveCfg = Debug|Any CPU
		{85F8B1A9-A3C3-5B40-A2D1-397273E6FC7F}.Debug|Any CPU.Build.0 = Debug|Any CPU
		{85F8B1A9-A3C3-5B40-A2D1-397273E6FC7F}.Release|Any CPU.ActiveCfg = Release|Any CPU
		{85F8B1A9-A3C3-5B40-A2D1-397273E6FC7F}.Release|Any CPU.Build.0 = Release|Any CPU
		{63CFC8EA-7345-3A75-5FC1-D107CE90E2B4}.Debug|Any CPU.ActiveCfg = Debug|Any CPU
		{63CFC8EA-7345-3A75-5FC1-D107CE90E2B4}.Debug|Any CPU.Build.0 = Debug|Any CPU
		{63CFC8EA-7345-3A75-5FC1-D107CE90E2B4}.Release|Any CPU.ActiveCfg = Release|Any CPU
		{63CFC8EA-7345-3A75-5FC1-D107CE90E2B4}.Release|Any CPU.Build.0 = Release|Any CPU
		{E9140AA3-61B2-2E15-D969-CCF0A2A226C1}.Debug|Any CPU.ActiveCfg = Debug|Any CPU
		{E9140AA3-61B2-2E15-D969-CCF0A2A226C1}.Debug|Any CPU.Build.0 = Debug|Any CPU
		{E9140AA3-61B2-2E15-D969-CCF0A2A226C1}.Release|Any CPU.ActiveCfg = Release|Any CPU
		{E9140AA3-61B2-2E15-D969-CCF0A2A226C1}.Release|Any CPU.Build.0 = Release|Any CPU
		{8316BEFF-E216-B750-F9E0-9CC816A6AB8D}.Debug|Any CPU.ActiveCfg = Debug|Any CPU
		{8316BEFF-E216-B750-F9E0-9CC816A6AB8D}.Debug|Any CPU.Build.0 = Debug|Any CPU
		{8316BEFF-E216-B750-F9E0-9CC816A6AB8D}.Release|Any CPU.ActiveCfg = Release|Any CPU
		{8316BEFF-E216-B750-F9E0-9CC816A6AB8D}.Release|Any CPU.Build.0 = Release|Any CPU
		{81EA4A4E-674E-50CE-229B-FE2181B0FAFF}.Debug|Any CPU.ActiveCfg = Debug|Any CPU
		{81EA4A4E-674E-50CE-229B-FE2181B0FAFF}.Debug|Any CPU.Build.0 = Debug|Any CPU
		{81EA4A4E-674E-50CE-229B-FE2181B0FAFF}.Release|Any CPU.ActiveCfg = Release|Any CPU
		{81EA4A4E-674E-50CE-229B-FE2181B0FAFF}.Release|Any CPU.Build.0 = Release|Any CPU
		{BBA5BD64-6A16-4E43-492C-C9F58E2B2146}.Debug|Any CPU.ActiveCfg = Debug|Any CPU
		{BBA5BD64-6A16-4E43-492C-C9F58E2B2146}.Debug|Any CPU.Build.0 = Debug|Any CPU
		{BBA5BD64-6A16-4E43-492C-C9F58E2B2146}.Release|Any CPU.ActiveCfg = Release|Any CPU
		{BBA5BD64-6A16-4E43-492C-C9F58E2B2146}.Release|Any CPU.Build.0 = Release|Any CPU
		{82C1AEA5-3A0C-47BB-3C6E-F4F28EC2F1C1}.Debug|Any CPU.ActiveCfg = Debug|Any CPU
		{82C1AEA5-3A0C-47BB-3C6E-F4F28EC2F1C1}.Debug|Any CPU.Build.0 = Debug|Any CPU
		{82C1AEA5-3A0C-47BB-3C6E-F4F28EC2F1C1}.Release|Any CPU.ActiveCfg = Release|Any CPU
		{82C1AEA5-3A0C-47BB-3C6E-F4F28EC2F1C1}.Release|Any CPU.Build.0 = Release|Any CPU
		{D8FCFFB1-0D79-8A1D-3125-DB0F7F8B89CA}.Debug|Any CPU.ActiveCfg = Debug|Any CPU
		{D8FCFFB1-0D79-8A1D-3125-DB0F7F8B89CA}.Debug|Any CPU.Build.0 = Debug|Any CPU
		{D8FCFFB1-0D79-8A1D-3125-DB0F7F8B89CA}.Release|Any CPU.ActiveCfg = Release|Any CPU
		{D8FCFFB1-0D79-8A1D-3125-DB0F7F8B89CA}.Release|Any CPU.Build.0 = Release|Any CPU
		{4CF0A364-783D-3E8E-5F84-99C18ADD098D}.Debug|Any CPU.ActiveCfg = Debug|Any CPU
		{4CF0A364-783D-3E8E-5F84-99C18ADD098D}.Debug|Any CPU.Build.0 = Debug|Any CPU
		{4CF0A364-783D-3E8E-5F84-99C18ADD098D}.Release|Any CPU.ActiveCfg = Release|Any CPU
		{4CF0A364-783D-3E8E-5F84-99C18ADD098D}.Release|Any CPU.Build.0 = Release|Any CPU
		{5066812B-4F4E-19FD-756B-D311DAD3267E}.Debug|Any CPU.ActiveCfg = Debug|Any CPU
		{5066812B-4F4E-19FD-756B-D311DAD3267E}.Debug|Any CPU.Build.0 = Debug|Any CPU
		{5066812B-4F4E-19FD-756B-D311DAD3267E}.Release|Any CPU.ActiveCfg = Release|Any CPU
		{5066812B-4F4E-19FD-756B-D311DAD3267E}.Release|Any CPU.Build.0 = Release|Any CPU
		{F76CC9C9-E79F-226E-4E02-00D5DADBB0CE}.Debug|Any CPU.ActiveCfg = Debug|Any CPU
		{F76CC9C9-E79F-226E-4E02-00D5DADBB0CE}.Debug|Any CPU.Build.0 = Debug|Any CPU
		{F76CC9C9-E79F-226E-4E02-00D5DADBB0CE}.Release|Any CPU.ActiveCfg = Release|Any CPU
		{F76CC9C9-E79F-226E-4E02-00D5DADBB0CE}.Release|Any CPU.Build.0 = Release|Any CPU
		{91E59AD7-60B7-9F4B-7834-3D8FE7370C8D}.Debug|Any CPU.ActiveCfg = Debug|Any CPU
		{91E59AD7-60B7-9F4B-7834-3D8FE7370C8D}.Debug|Any CPU.Build.0 = Debug|Any CPU
		{91E59AD7-60B7-9F4B-7834-3D8FE7370C8D}.Release|Any CPU.ActiveCfg = Release|Any CPU
		{91E59AD7-60B7-9F4B-7834-3D8FE7370C8D}.Release|Any CPU.Build.0 = Release|Any CPU
		{54996D2F-CBE2-8848-D29C-1FF6BD47F5A9}.Debug|Any CPU.ActiveCfg = Debug|Any CPU
		{54996D2F-CBE2-8848-D29C-1FF6BD47F5A9}.Debug|Any CPU.Build.0 = Debug|Any CPU
		{54996D2F-CBE2-8848-D29C-1FF6BD47F5A9}.Release|Any CPU.ActiveCfg = Release|Any CPU
		{54996D2F-CBE2-8848-D29C-1FF6BD47F5A9}.Release|Any CPU.Build.0 = Release|Any CPU
		{25216E0D-0264-1CE6-FB67-7026919A4909}.Debug|Any CPU.ActiveCfg = Debug|Any CPU
		{25216E0D-0264-1CE6-FB67-7026919A4909}.Debug|Any CPU.Build.0 = Debug|Any CPU
		{25216E0D-0264-1CE6-FB67-7026919A4909}.Release|Any CPU.ActiveCfg = Release|Any CPU
		{25216E0D-0264-1CE6-FB67-7026919A4909}.Release|Any CPU.Build.0 = Release|Any CPU
		{8958088E-7B7A-1BD7-F803-39F90FDAC158}.Debug|Any CPU.ActiveCfg = Debug|Any CPU
		{8958088E-7B7A-1BD7-F803-39F90FDAC158}.Debug|Any CPU.Build.0 = Debug|Any CPU
		{8958088E-7B7A-1BD7-F803-39F90FDAC158}.Release|Any CPU.ActiveCfg = Release|Any CPU
		{8958088E-7B7A-1BD7-F803-39F90FDAC158}.Release|Any CPU.Build.0 = Release|Any CPU
	EndGlobalSection
	GlobalSection(SolutionProperties) = preSolution
		HideSolutionNode = FALSE
	EndGlobalSection
EndGlobal
